
Microsoft Visual Studio Solution File, Format Version 12.00
# Visual Studio 15
Project("{FAE04EC0-301F-11D3-BF4B-00C04F79EFBC}") = "Photostock.Android", "Photostock.Android\Photostock.Android.csproj", "{6631A5F9-BD6D-454B-BC79-05B996E27D0D}"
EndProject
Project("{FAE04EC0-301F-11D3-BF4B-00C04F79EFBC}") = "Photostock.iOS", "Photostock.iOS\Photostock.iOS.csproj", "{05687531-6130-4DF5-A81C-FB90BB8E656B}"
EndProject
Project("{FAE04EC0-301F-11D3-BF4B-00C04F79EFBC}") = "Photostock", "Photostock\Photostock.csproj", "{F4E40446-2777-4685-A562-F0B33933A44A}"
EndProject
Global
	GlobalSection(SolutionConfigurationPlatforms) = preSolution
		Debug|Any CPU = Debug|Any CPU
		Release|Any CPU = Release|Any CPU
		Debug|iPhoneSimulator = Debug|iPhoneSimulator
		Release|iPhoneSimulator = Release|iPhoneSimulator
		Debug|iPhone = Debug|iPhone
		Release|iPhone = Release|iPhone
	EndGlobalSection
	GlobalSection(ProjectConfigurationPlatforms) = postSolution
		{6631A5F9-BD6D-454B-BC79-05B996E27D0D}.Debug|Any CPU.ActiveCfg = Debug|Any CPU
		{6631A5F9-BD6D-454B-BC79-05B996E27D0D}.Debug|Any CPU.Build.0 = Debug|Any CPU
		{6631A5F9-BD6D-454B-BC79-05B996E27D0D}.Release|Any CPU.ActiveCfg = Release|Any CPU
		{6631A5F9-BD6D-454B-BC79-05B996E27D0D}.Release|Any CPU.Build.0 = Release|Any CPU
		{6631A5F9-BD6D-454B-BC79-05B996E27D0D}.Debug|iPhoneSimulator.ActiveCfg = Debug|Any CPU
		{6631A5F9-BD6D-454B-BC79-05B996E27D0D}.Debug|iPhoneSimulator.Build.0 = Debug|Any CPU
		{6631A5F9-BD6D-454B-BC79-05B996E27D0D}.Release|iPhoneSimulator.ActiveCfg = Release|Any CPU
		{6631A5F9-BD6D-454B-BC79-05B996E27D0D}.Release|iPhoneSimulator.Build.0 = Release|Any CPU
		{6631A5F9-BD6D-454B-BC79-05B996E27D0D}.Debug|iPhone.ActiveCfg = Debug|Any CPU
		{6631A5F9-BD6D-454B-BC79-05B996E27D0D}.Debug|iPhone.Build.0 = Debug|Any CPU
		{6631A5F9-BD6D-454B-BC79-05B996E27D0D}.Release|iPhone.ActiveCfg = Release|Any CPU
		{6631A5F9-BD6D-454B-BC79-05B996E27D0D}.Release|iPhone.Build.0 = Release|Any CPU
		{05687531-6130-4DF5-A81C-FB90BB8E656B}.Debug|Any CPU.ActiveCfg = Debug|iPhoneSimulator
		{05687531-6130-4DF5-A81C-FB90BB8E656B}.Debug|Any CPU.Build.0 = Debug|iPhoneSimulator
		{05687531-6130-4DF5-A81C-FB90BB8E656B}.Release|Any CPU.ActiveCfg = Release|iPhoneSimulator
		{05687531-6130-4DF5-A81C-FB90BB8E656B}.Release|Any CPU.Build.0 = Release|iPhoneSimulator
		{05687531-6130-4DF5-A81C-FB90BB8E656B}.Debug|iPhoneSimulator.ActiveCfg = Debug|iPhoneSimulator
		{05687531-6130-4DF5-A81C-FB90BB8E656B}.Debug|iPhoneSimulator.Build.0 = Debug|iPhoneSimulator
		{05687531-6130-4DF5-A81C-FB90BB8E656B}.Release|iPhoneSimulator.ActiveCfg = Release|iPhoneSimulator
		{05687531-6130-4DF5-A81C-FB90BB8E656B}.Release|iPhoneSimulator.Build.0 = Release|iPhoneSimulator
		{05687531-6130-4DF5-A81C-FB90BB8E656B}.Debug|iPhone.ActiveCfg = Debug|iPhone
		{05687531-6130-4DF5-A81C-FB90BB8E656B}.Debug|iPhone.Build.0 = Debug|iPhone
		{05687531-6130-4DF5-A81C-FB90BB8E656B}.Release|iPhone.ActiveCfg = Release|iPhone
		{05687531-6130-4DF5-A81C-FB90BB8E656B}.Release|iPhone.Build.0 = Release|iPhone
		{F4E40446-2777-4685-A562-F0B33933A44A}.Debug|Any CPU.ActiveCfg = Debug|Any CPU
		{F4E40446-2777-4685-A562-F0B33933A44A}.Debug|Any CPU.Build.0 = Debug|Any CPU
		{F4E40446-2777-4685-A562-F0B33933A44A}.Release|Any CPU.ActiveCfg = Release|Any CPU
		{F4E40446-2777-4685-A562-F0B33933A44A}.Release|Any CPU.Build.0 = Release|Any CPU
		{F4E40446-2777-4685-A562-F0B33933A44A}.Debug|iPhoneSimulator.ActiveCfg = Debug|Any CPU
		{F4E40446-2777-4685-A562-F0B33933A44A}.Debug|iPhoneSimulator.Build.0 = Debug|Any CPU
		{F4E40446-2777-4685-A562-F0B33933A44A}.Release|iPhoneSimulator.ActiveCfg = Release|Any CPU
		{F4E40446-2777-4685-A562-F0B33933A44A}.Release|iPhoneSimulator.Build.0 = Release|Any CPU
		{F4E40446-2777-4685-A562-F0B33933A44A}.Debug|iPhone.ActiveCfg = Debug|Any CPU
		{F4E40446-2777-4685-A562-F0B33933A44A}.Debug|iPhone.Build.0 = Debug|Any CPU
		{F4E40446-2777-4685-A562-F0B33933A44A}.Release|iPhone.ActiveCfg = Release|Any CPU
		{F4E40446-2777-4685-A562-F0B33933A44A}.Release|iPhone.Build.0 = Release|Any CPU
	EndGlobalSection
EndGlobal
